
Microsoft Visual Studio Solution File, Format Version 12.00
# Visual Studio Version 17
VisualStudioVersion = 17.3.32929.385
MinimumVisualStudioVersion = 10.0.40219.1
Project("{FAE04EC0-301F-11D3-BF4B-00C04F79EFBC}") = "PokeApi", "PokeApi\PokeApi.csproj", "{FB002D0D-E0F1-4F2D-9F76-C19235A26773}"
EndProject
Global
	GlobalSection(SolutionConfigurationPlatforms) = preSolution
		Debug|Any CPU = Debug|Any CPU
		Release|Any CPU = Release|Any CPU
	EndGlobalSection
	GlobalSection(ProjectConfigurationPlatforms) = postSolution
		{FB002D0D-E0F1-4F2D-9F76-C19235A26773}.Debug|Any CPU.ActiveCfg = Debug|Any CPU
		{FB002D0D-E0F1-4F2D-9F76-C19235A26773}.Debug|Any CPU.Build.0 = Debug|Any CPU
		{FB002D0D-E0F1-4F2D-9F76-C19235A26773}.Release|Any CPU.ActiveCfg = Release|Any CPU
		{FB002D0D-E0F1-4F2D-9F76-C19235A26773}.Release|Any CPU.Build.0 = Release|Any CPU
	EndGlobalSection
	GlobalSection(SolutionProperties) = preSolution
		HideSolutionNode = FALSE
	EndGlobalSection
	GlobalSection(ExtensibilityGlobals) = postSolution
		SolutionGuid = {1661F6F8-C284-44D0-8DCD-B58836D3CCC2}
	EndGlobalSection
EndGlobal
